{"1.2.0",
[{<<"dns">>,{pkg,<<"dns">>,<<"2.4.0">>},1},
 {<<"gproc">>,{pkg,<<"gproc">>,<<"0.9.1">>},0},
 {<<"mdns">>,{pkg,<<"mdns">>,<<"1.0.13">>},0}]}.
[
{pkg_hash,[
 {<<"dns">>, <<"44790A0375B28BDC7B59FC894460BFCB03FFEEC4C5984E2C3E8B0797B1518327">>},
 {<<"gproc">>, <<"F1DF0364423539CF0B80E8201C8B1839E229E5F9B3CCB944C5834626998F5B8C">>},
 {<<"mdns">>, <<"7E56A193942826232A799171A2BC50977ACC41981E2DC3693196DF61CA272005">>}]},
{pkg_hash_ext,[
 {<<"dns">>, <<"E178E353C469820D02BA889D6A80D01C8C27B47DFCDA4016A9CBC6218E3EED64">>},
 {<<"gproc">>, <<"905088E32E72127ED9466F0BAC0D8E65704CA5E73EE5A62CB073C3117916D507">>},
 {<<"mdns">>, <<"C16129884F9FB49233D5F03D00148E813EF5841864FC4B629E6B8E1307EAECBC">>}]}
].
